github.com/confluentinc/confluent-kafka-go v1.3.0 h1:1gJm/SgUqG01jRYJ1pSZ9GldAhXZ0xrFPKxINlVZ3z0=
github.com/confluentinc/confluent-kafka-go v1.3.0/go.mod h1:MPUvNqmycSJrQZKGPS6LyLZLJH1hmLKkBmHQgQR7Ma0=
github.com/golang/snappy v0.0.1 h1:Qgr9rKW7uDUkrbSmQeiDsGa8SjGyCOGtuasMWwvp2P4=
github.com/golang/snappy v0.0.1/go.mod h1:/XxbfmMg8lxefKM7IXC3fBNl/7bRcc72aCRzEWrmP2Q=
github.com/google/uuid v1.1.1 h1:Gkbcsh/GbpXz7lPftLA3P6TYMwjCLYm83jiFQZF/3gY=
github.com/google/uuid v1.1.1/go.mod h1:TIyPZe4MgqvfeYDBFedMoGGpEw/LqOeaOT+nhxU+yHo=
github.com/linkedin/goavro v2.1.0+incompatible h1:DV2aUlj2xZiuxQyvag8Dy7zjY69ENjS66bWkSfdpddY=
github.com/linkedin/goavro v2.1.0+incompatible/go.mod h1:bBCwI2eGYpUI/4820s67MElg9tdeLbINjLjiM2xZFYM=
github.com/strangedev/catchall v0.0.1 h1:WmS9nhQfyX1n6iGCPdAdMqBcSkTwNeccfGMAL26PIL8=
github.com/strangedev/catchall v0.0.1/go.mod h1:JX36gVS+noTP9XgB0APQTqTsaErRRX9utOBqbCRJii8=
github.com/strangedev/kafka-golang v0.0.9 h1:m+yRcB+zVspdGmtO2u6+JeJKLOrreaXDjG81RS2aS90=
github.com/strangedev/kafka-golang v0.0.9/go.mod h1:gGyfQhGoFmAlKzwurdqsBC+HT2jtZ7jQrtMKlJlhIEE=
github.com/strangedev/kafka-golang v0.0.10 h1:x4EqvRX6FoQgplpWj6ULA2f/7ieCM4PtfCobrvzFtI0=
github.com/strangedev/kafka-golang v0.0.10/go.mod h1:xfh9vWL5FjLiAv3lEFlhEwc2V3ZMIMwXNpL0LhbNqos=
github.com/strangedev/kafka-golang v0.0.11 h1:c/9gbmB5dMr0WJ1p4kwjR6oCwqmkyPW6TUomSjJXFaQ=
github.com/strangedev/kafka-golang v0.0.11/go.mod h1:xfh9vWL5FjLiAv3lEFlhEwc2V3ZMIMwXNpL0LhbNqos=
github.com/strangedev/kafka-golang v0.0.12 h1:+JpuoDX3O6U/Hz6HAujkbzC0qhStUQW30QghqEisDYM=
github.com/strangedev/kafka-golang v0.0.12/go.mod h1:xfh9vWL5FjLiAv3lEFlhEwc2V3ZMIMwXNpL0LhbNqos=
golang.org/x/crypto v0.0.0-20190308221718-c2843e01d9a2/go.mod h1:djNgcEr1/C05ACkg1iLfiJU5Ep61QUkGW8qpdssI0+w=
golang.org/x/crypto v0.0.0-20191011191535-87dc89f01550/go.mod h1:yigFU9vqHzYiE8UmvKecakEJjdnWj3jj499lnFckfCI=
golang.org/x/mod v0.1.1-0.20191105210325-c90efee705ee/go.mod h1:QqPTAvyqsEbceGzBzNggFXnrqF1CaUcvgkdR5Ot7KZg=
golang.org/x/net v0.0.0-20190404232315-eb5bcb51f2a3/go.mod h1:t9HGtf8HONx5eT2rtn7q6eTqICYqUVnKs3thJo3Qplg=
golang.org/x/net v0.0.0-20190620200207-3b0461eec859/go.mod h1:z5CRVTTTmAJ677TzLLGU+0bjPO0LkuOLi4/5GtJWs/s=
golang.org/x/sync v0.0.0-20190423024810-112230192c58/go.mod h1:RxMgew5VJxzue5/jJTE5uejpjVlOe/izrB70Jof72aM=
golang.org/x/sys v0.0.0-20190215142949-d0b11bdaac8a/go.mod h1:STP8DvDyc/dI5b8T5hshtkjS+E42TnysNCUPdjciGhY=
golang.org/x/sys v0.0.0-20190412213103-97732733099d/go.mod h1:h1NjWce9XRLGQEsW7wpKNCjG9DtNlClVuFLEZdDNbEs=
golang.org/x/text v0.3.0/go.mod h1:NqM8EUOU14njkJ3fqMW+pc6Ldnwhi/IjpwHt7yyuwOQ=
golang.org/x/tools v0.0.0-20200221224223-e1da425f72fd/go.mod h1:TB2adYChydJhpapKDTa4BR/hXlZSLoq2Wpct/0txZ28=
golang.org/x/xerrors v0.0.0-20191011141410-1b5146add898/go.mod h1:I/5z698sn9Ka8TeJc9MKroUUfqBBauWjQqLJ2OPfmY0=
gopkg.in/linkedin/goavro.v1 v1.0.5 h1:BJa69CDh0awSsLUmZ9+BowBdokpduDZSM9Zk8oKHfN4=
gopkg.in/linkedin/goavro.v1 v1.0.5/go.mod h1:Aw5GdAbizjOEl0kAMHV9iHmA8reZzW/OKuJAl4Hb9F0=
